// !$*UTF8*$!
{
	archiveVersion = 1;
	classes = {
	};
	objectVersion = 46;
	objects = {

/* Begin PBXBuildFile section */
		981A32F51EF427CB001A9887 /* AppDelegate.swift in Sources */ = {isa = PBXBuildFile; fileRef = 981A32F41EF427CB001A9887 /* AppDelegate.swift */; };
		981A32F71EF427CB001A9887 /* TableViewController.swift in Sources */ = {isa = PBXBuildFile; fileRef = 981A32F61EF427CB001A9887 /* TableViewController.swift */; };
		981A32FC1EF427CB001A9887 /* Assets.xcassets in Resources */ = {isa = PBXBuildFile; fileRef = 981A32FB1EF427CB001A9887 /* Assets.xcassets */; };
		981A32FF1EF427CB001A9887 /* LaunchScreen.storyboard in Resources */ = {isa = PBXBuildFile; fileRef = 981A32FD1EF427CB001A9887 /* LaunchScreen.storyboard */; };
		F0FF10998879DDCABD4E2038 /* Pods_alamofireTutorial.framework in Frameworks */ = {isa = PBXBuildFile; fileRef = B2BB33A01122DCC287743058 /* Pods_alamofireTutorial.framework */; };
/* End PBXBuildFile section */

/* Begin PBXFileReference section */
		981A32F11EF427CB001A9887 /* alamofireTutorial.app */ = {isa = PBXFileReference; explicitFileType = wrapper.application; includeInIndex = 0; path = alamofireTutorial.app; sourceTree = BUILT_PRODUCTS_DIR; };
		981A32F41EF427CB001A9887 /* AppDelegate.swift */ = {isa = PBXFileReference; lastKnownFileType = sourcecode.swift; path = AppDelegate.swift; sourceTree = "<group>"; };
		981A32F61EF427CB001A9887 /* TableViewController.swift */ = {isa = PBXFileReference; lastKnownFileType = sourcecode.swift; path = TableViewController.swift; sourceTree = "<group>"; };
		981A32FB1EF427CB001A9887 /* Assets.xcassets */ = {isa = PBXFileReference; lastKnownFileType = folder.assetcatalog; path = Assets.xcassets; sourceTree = "<group>"; };
		981A32FE1EF427CB001A9887 /* Base */ = {isa = PBXFileReference; lastKnownFileType = file.storyboard; name = Base; path = Base.lproj/LaunchScreen.storyboard; sourceTree = "<group>"; };
		981A33001EF427CB001A9887 /* Info.plist */ = {isa = PBXFileReference; lastKnownFileType = text.plist.xml; path = Info.plist; sourceTree = "<group>"; };
		A4BACF3AFD1F9A063D6619AE /* Pods-alamofireTutorial.debug.xcconfig */ = {isa = PBXFileReference; includeInIndex = 1; lastKnownFileType = text.xcconfig; name = "Pods-alamofireTutorial.debug.xcconfig"; path = "Pods/Target Support Files/Pods-alamofireTutorial/Pods-alamofireTutorial.debug.xcconfig"; sourceTree = "<group>"; };
		B2BB33A01122DCC287743058 /* Pods_alamofireTutorial.framework */ = {isa = PBXFileReference; explicitFileType = wrapper.framework; includeInIndex = 0; path = Pods_alamofireTutorial.framework; sourceTree = BUILT_PRODUCTS_DIR; };
		D6DD9B25C6DA256A6FBF2EB5 /* Pods-alamofireTutorial.release.xcconfig */ = {isa = PBXFileReference; includeInIndex = 1; lastKnownFileType = text.xcconfig; name = "Pods-alamofireTutorial.release.xcconfig"; path = "Pods/Target Support Files/Pods-alamofireTutorial/Pods-alamofireTutorial.release.xcconfig"; sourceTree = "<group>"; };
/* End PBXFileReference section */

/* Begin PBXFrameworksBuildPhase section */
		981A32EE1EF427CB001A9887 /* Frameworks */ = {
			isa = PBXFrameworksBuildPhase;
			buildActionMask = 2147483647;
			files = (
				F0FF10998879DDCABD4E2038 /* Pods_alamofireTutorial.framework in Frameworks */,
			);
			runOnlyForDeploymentPostprocessing = 0;
		};
/* End PBXFrameworksBuildPhase section */

/* Begin PBXGroup section */
		3BAF465FDA8B8905A6BC0A48 /* Frameworks */ = {
			isa = PBXGroup;
			children = (
				B2BB33A01122DCC287743058 /* Pods_alamofireTutorial.framework */,
			);
			name = Frameworks;
			sourceTree = "<group>";
		};
		981A32E81EF427CB001A9887 = {
			isa = PBXGroup;
			children = (
				981A32F31EF427CB001A9887 /* alamofireTutorial */,
				981A32F21EF427CB001A9887 /* Products */,
				E31BF5D15D9271857061EF10 /* Pods */,
				3BAF465FDA8B8905A6BC0A48 /* Frameworks */,
			);
			sourceTree = "<group>";
		};
		981A32F21EF427CB001A9887 /* Products */ = {
			isa = PBXGroup;
			children = (
				981A32F11EF427CB001A9887 /* alamofireTutorial.app */,
			);
			name = Products;
			sourceTree = "<group>";
		};
		981A32F31EF427CB001A9887 /* alamofireTutorial */ = {
			isa = PBXGroup;
			children = (
				981A32F41EF427CB001A9887 /* AppDelegate.swift */,
				981A32F61EF427CB001A9887 /* TableViewController.swift */,
				981A32FB1EF427CB001A9887 /* Assets.xcassets */,
				981A32FD1EF427CB001A9887 /* LaunchScreen.storyboard */,
				981A33001EF427CB001A9887 /* Info.plist */,
			);
			path = alamofireTutorial;
			sourceTree = "<group>";
		};
		E31BF5D15D9271857061EF10 /* Pods */ = {
			isa = PBXGroup;
			children = (
				A4BACF3AFD1F9A063D6619AE /* Pods-alamofireTutorial.debug.xcconfig */,
				D6DD9B25C6DA256A6FBF2EB5 /* Pods-alamofireTutorial.release.xcconfig */,
			);
			name = Pods;
			sourceTree = "<group>";
		};
/* End PBXGroup section */

/* Begin PBXNativeTarget section */
		981A32F01EF427CB001A9887 /* alamofireTutorial */ = {
			isa = PBXNativeTarget;
			buildConfigurationList = 981A33031EF427CB001A9887 /* Build configuration list for PBXNativeTarget "alamofireTutorial" */;
			buildPhases = (
				3457AA83FA8B5FC884E9F04C /* [CP] Check Pods Manifest.lock */,
				981A32ED1EF427CB001A9887 /* Sources */,
				981A32EE1EF427CB001A9887 /* Frameworks */,
				981A32EF1EF427CB001A9887 /* Resources */,
				F099E6BE168F72D14708243D /* [CP] Embed Pods Frameworks */,
				B56A1BAA68AEAB998370A322 /* [CP] Copy Pods Resources */,
			);
			buildRules = (
			);
			dependencies = (
			);
			name = alamofireTutorial;
			productName = alamofireTutorial;
			productReference = 981A32F11EF427CB001A9887 /* alamofireTutorial.app */;
			productType = "com.apple.product-type.application";
		};
/* End PBXNativeTarget section */

/* Begin PBXProject section */
		981A32E91EF427CB001A9887 /* Project object */ = {
			isa = PBXProject;
			attributes = {
				LastSwiftUpdateCheck = 0830;
				LastUpgradeCheck = 0830;
				ORGANIZATIONNAME = "Jack Ngai";
				TargetAttributes = {
					981A32F01EF427CB001A9887 = {
						CreatedOnToolsVersion = 8.3.3;
						DevelopmentTeam = 56SGSJ5YCY;
						ProvisioningStyle = Automatic;
					};
				};
			};
			buildConfigurationList = 981A32EC1EF427CB001A9887 /* Build configuration list for PBXProject "alamofireTutorial" */;
			compatibilityVersion = "Xcode 3.2";
			developmentRegion = English;
			hasScannedForEncodings = 0;
			knownRegions = (
				en,
				Base,
			);
			mainGroup = 981A32E81EF427CB001A9887;
			productRefGroup = 981A32F21EF427CB001A9887 /* Products */;
			projectDirPath = "";
			projectRoot = "";
			targets = (
				981A32F01EF427CB001A9887 /* alamofireTutorial */,
			);
		};
/* End PBXProject section */

/* Begin PBXResourcesBuildPhase section */
		981A32EF1EF427CB001A9887 /* Resources */ = {
			isa = PBXResourcesBuildPhase;
			buildActionMask = 2147483647;
			files = (
				981A32FF1EF427CB001A9887 /* LaunchScreen.storyboard in Resources */,
				981A32FC1EF427CB001A9887 /* Assets.xcassets in Resources */,
			);
			runOnlyForDeploymentPostprocessing = 0;
		};
/* End PBXResourcesBuildPhase section */

/* Begin PBXShellScriptBuildPhase section */
		3457AA83FA8B5FC884E9F04C /* [CP] Check Pods Manifest.lock */ = {
			isa = PBXShellScriptBuildPhase;
			buildActionMask = 2147483647;
			files = (
			);
			inputPaths = (
			);
			name = "[CP] Check Pods Manifest.lock";
			outputPaths = (
			);
			runOnlyForDeploymentPostprocessing = 0;
			shellPath = /bin/sh;
			shellScript = "diff \"${PODS_ROOT}/../Podfile.lock\" \"${PODS_ROOT}/Manifest.lock\" > /dev/null\nif [ $? != 0 ] ; then\n    # print error to STDERR\n    echo \"error: The sandbox is not in sync with the Podfile.lock. Run 'pod install' or update your CocoaPods installation.\" >&2\n    exit 1\nfi\n";
			showEnvVarsInLog = 0;
		};
		B56A1BAA68AEAB998370A322 /* [CP] Copy Pods Resources */ = {
			isa = PBXShellScriptBuildPhase;
			buildActionMask = 2147483647;
			files = (
			);
			inputPaths = (
			);
			name = "[CP] Copy Pods Resources";
			outputPaths = (
			);
			runOnlyForDeploymentPostprocessing = 0;
			shellPath = /bin/sh;
			shellScript = "\"${SRCROOT}/Pods/Target Support Files/Pods-alamofireTutorial/Pods-alamofireTutorial-resources.sh\"\n";
			showEnvVarsInLog = 0;
		};
		F099E6BE168F72D14708243D /* [CP] Embed Pods Frameworks */ = {
			isa = PBXShellScriptBuildPhase;
			buildActionMask = 2147483647;
			files = (
			);
			inputPaths = (
			);
			name = "[CP] Embed Pods Frameworks";
			outputPaths = (
			);
			runOnlyForDeploymentPostprocessing = 0;
			shellPath = /bin/sh;
			shellScript = "\"${SRCROOT}/Pods/Target Support Files/Pods-alamofireTutorial/Pods-alamofireTutorial-frameworks.sh\"\n";
			showEnvVarsInLog = 0;
		};
/* End PBXShellScriptBuildPhase section */

/* Begin PBXSourcesBuildPhase section */
		981A32ED1EF427CB001A9887 /* Sources */ = {
			isa = PBXSourcesBuildPhase;
			buildActionMask = 2147483647;
			files = (
				981A32F71EF427CB001A9887 /* TableViewController.swift in Sources */,
				981A32F51EF427CB001A9887 /* AppDelegate.swift in Sources */,
			);
			runOnlyForDeploymentPostprocessing = 0;
		};
/* End PBXSourcesBuildPhase section */

/* Begin PBXVariantGroup section */
		981A32FD1EF427CB001A9887 /* LaunchScreen.storyboard */ = {
			isa = PBXVariantGroup;
			children = (
				981A32FE1EF427CB001A9887 /* Base */,
			);
			name = LaunchScreen.storyboard;
			sourceTree = "<group>";
		};
/* End PBXVariantGroup section */

/* Begin XCBuildConfiguration section */
		981A33011EF427CB001A9887 /* Debug */ = {
			isa = XCBuildConfiguration;
			buildSettings = {
				ALWAYS_SEARCH_USER_PATHS = NO;
				CLANG_ANALYZER_NONNULL = YES;
				CLANG_ANALYZER_NUMBER_OBJECT_CONVERSION = YES_AGGRESSIVE;
				CLANG_CXX_LANGUAGE_STANDARD = "gnu++0x";
				CLANG_CXX_LIBRARY = "libc++";
				CLANG_ENABLE_MODULES = YES;
				CLANG_ENABLE_OBJC_ARC = YES;
				CLANG_WARN_BOOL_CONVERSION = YES;
				CLANG_WARN_CONSTANT_CONVERSION = YES;
				CLANG_WARN_DIRECT_OBJC_ISA_USAGE = YES_ERROR;
				CLANG_WARN_DOCUMENTATION_COMMENTS = YES;
				CLANG_WARN_EMPTY_BODY = YES;
				CLANG_WARN_ENUM_CONVERSION = YES;
				CLANG_WARN_INFINITE_RECURSION = YES;
				CLANG_WARN_INT_CONVERSION = YES;
				CLANG_WARN_OBJC_ROOT_CLASS = YES_ERROR;
				CLANG_WARN_SUSPICIOUS_MOVE = YES;
				CLANG_WARN_UNREACHABLE_CODE = YES;
				CLANG_WARN__DUPLICATE_METHOD_MATCH = YES;
				"CODE_SIGN_IDENTITY[sdk=iphoneos*]" = "iPhone Developer";
				COPY_PHASE_STRIP = NO;
				DEBUG_INFORMATION_FORMAT = dwarf;
				ENABLE_STRICT_OBJC_MSGSEND = YES;
				ENABLE_TESTABILITY = YES;
				GCC_C_LANGUAGE_STANDARD = gnu99;
				GCC_DYNAMIC_NO_PIC = NO;
				GCC_NO_COMMON_BLOCKS = YES;
				GCC_OPTIMIZATION_LEVEL = 0;
				GCC_PREPROCESSOR_DEFINITIONS = (
					"DEBUG=1",
					"$(inherited)",
				);
				GCC_WARN_64_TO_32_BIT_CONVERSION = YES;
				GCC_WARN_ABOUT_RETURN_TYPE = YES_ERROR;
				GCC_WARN_UNDECLARED_SELECTOR = YES;
				GCC_WARN_UNINITIALIZED_AUTOS = YES_AGGRESSIVE;
				GCC_WARN_UNUSED_FUNCTION = YES;
				GCC_WARN_UNUSED_VARIABLE = YES;
				IPHONEOS_DEPLOYMENT_TARGET = 10.3;
				MTL_ENABLE_DEBUG_INFO = YES;
				ONLY_ACTIVE_ARCH = YES;
				SDKROOT = iphoneos;
				SWIFT_ACTIVE_COMPILATION_CONDITIONS = DEBUG;
				SWIFT_OPTIMIZATION_LEVEL = "-Onone";
				TARGETED_DEVICE_FAMILY = "1,2";
			};
			name = Debug;
		};
		981A33021EF427CB001A9887 /* Release */ = {
			isa = XCBuildConfiguration;
			buildSettings = {
				ALWAYS_SEARCH_USER_PATHS = NO;
				CLANG_ANALYZER_NONNULL = YES;
				CLANG_ANALYZER_NUMBER_OBJECT_CONVERSION = YES_AGGRESSIVE;
				CLANG_CXX_LANGUAGE_STANDARD = "gnu++0x";
				CLANG_CXX_LIBRARY = "libc++";
				CLANG_ENABLE_MODULES = YES;
				CLANG_ENABLE_OBJC_ARC = YES;
				CLANG_WARN_BOOL_CONVERSION = YES;
				CLANG_WARN_CONSTANT_CONVERSION = YES;
				CLANG_WARN_DIRECT_OBJC_ISA_USAGE = YES_ERROR;
				CLANG_WARN_DOCUMENTATION_COMMENTS = YES;
				CLANG_WARN_EMPTY_BODY = YES;
				CLANG_WARN_ENUM_CONVERSION = YES;
				CLANG_WARN_INFINITE_RECURSION = YES;
				CLANG_WARN_INT_CONVERSION = YES;
				CLANG_WARN_OBJC_ROOT_CLASS = YES_ERROR;
				CLANG_WARN_SUSPICIOUS_MOVE = YES;
				CLANG_WARN_UNREACHABLE_CODE = YES;
				CLANG_WARN__DUPLICATE_METHOD_MATCH = YES;
				"CODE_SIGN_IDENTITY[sdk=iphoneos*]" = "iPhone Developer";
				COPY_PHASE_STRIP = NO;
				DEBUG_INFORMATION_FORMAT = "dwarf-with-dsym";
				ENABLE_NS_ASSERTIONS = NO;
				ENABLE_STRICT_OBJC_MSGSEND = YES;
				GCC_C_LANGUAGE_STANDARD = gnu99;
				GCC_NO_COMMON_BLOCKS = YES;
				GCC_WARN_64_TO_32_BIT_CONVERSION = YES;
				GCC_WARN_ABOUT_RETURN_TYPE = YES_ERROR;
				GCC_WARN_UNDECLARED_SELECTOR = YES;
				GCC_WARN_UNINITIALIZED_AUTOS = YES_AGGRESSIVE;
				GCC_WARN_UNUSED_FUNCTION = YES;
				GCC_WARN_UNUSED_VARIABLE = YES;
				IPHONEOS_DEPLOYMENT_TARGET = 10.3;
				MTL_ENABLE_DEBUG_INFO = NO;
				SDKROOT = iphoneos;
				SWIFT_OPTIMIZATION_LEVEL = "-Owholemodule";
				TARGETED_DEVICE_FAMILY = "1,2";
				VALIDATE_PRODUCT = YES;
			};
			name = Release;
		};
		981A33041EF427CB001A9887 /* Debug */ = {
			isa = XCBuildConfiguration;
			baseConfigurationReference = A4BACF3AFD1F9A063D6619AE /* Pods-alamofireTutorial.debug.xcconfig */;
			buildSettings = {
				ASSETCATALOG_COMPILER_APPICON_NAME = AppIcon;
				DEVELOPMENT_TEAM = 56SGSJ5YCY;
				INFOPLIST_FILE = alamofireTutorial/Info.plist;
				LD_RUNPATH_SEARCH_PATHS = "$(inherited) @executable_path/Frameworks";
				PRODUCT_BUNDLE_IDENTIFIER = com.jackngai.alamofireTutorial;
				PRODUCT_NAME = "$(TARGET_NAME)";
				SWIFT_VERSION = 3.0;
			};
			name = Debug;
		};
		981A33051EF427CB001A9887 /* Release */ = {
			isa = XCBuildConfiguration;
			baseConfigurationReference = D6DD9B25C6DA256A6FBF2EB5 /* Pods-alamofireTutorial.release.xcconfig */;
			buildSettings = {
				ASSETCATALOG_COMPILER_APPICON_NAME = AppIcon;
				DEVELOPMENT_TEAM = 56SGSJ5YCY;
				INFOPLIST_FILE = alamofireTutorial/Info.plist;
				LD_RUNPATH_SEARCH_PATHS = "$(inherited) @executable_path/Frameworks";
				PRODUCT_BUNDLE_IDENTIFIER = com.jackngai.alamofireTutorial;
				PRODUCT_NAME = "$(TARGET_NAME)";
				SWIFT_VERSION = 3.0;
			};
			name = Release;
		};
/* End XCBuildConfiguration section */

/* Begin XCConfigurationList section */
		981A32EC1EF427CB001A9887 /* Build configuration list for PBXProject "alamofireTutorial" */ = {
			isa = XCConfigurationList;
			buildConfigurations = (
				981A33011EF427CB001A9887 /* Debug */,
				981A33021EF427CB001A9887 /* Release */,
			);
			defaultConfigurationIsVisible = 0;
			defaultConfigurationName = Release;
		};
		981A33031EF427CB001A9887 /* Build configuration list for PBXNativeTarget "alamofireTutorial" */ = {
			isa = XCConfigurationList;
			buildConfigurations = (
				981A33041EF427CB001A9887 /* Debug */,
				981A33051EF427CB001A9887 /* Release */,
			);
			defaultConfigurationIsVisible = 0;
			defaultConfigurationName = Release;
		};
/* End XCConfigurationList section */
	};
	rootObject = 981A32E91EF427CB001A9887 /* Project object */;
}
